
Microsoft Visual Studio Solution File, Format Version 12.00
# Visual Studio Version 17
VisualStudioVersion = 17.6.33815.320
MinimumVisualStudioVersion = 10.0.40219.1
Project("{8BC9CEB8-8B4A-11D0-8D11-00A0C91BC942}") = "Lab Problem 9.1", "Lab Problem 9.1\Lab Problem 9.1.vcxproj", "{D72656CF-6CF2-4302-BF15-4DDCC9028D59}"
EndProject
Global
	GlobalSection(SolutionConfigurationPlatforms) = preSolution
		Debug|x64 = Debug|x64
		Debug|x86 = Debug|x86
		Release|x64 = Release|x64
		Release|x86 = Release|x86
	EndGlobalSection
	GlobalSection(ProjectConfigurationPlatforms) = postSolution
		{D72656CF-6CF2-4302-BF15-4DDCC9028D59}.Debug|x64.ActiveCfg = Debug|x64
		{D72656CF-6CF2-4302-BF15-4DDCC9028D59}.Debug|x64.Build.0 = Debug|x64
		{D72656CF-6CF2-4302-BF15-4DDCC9028D59}.Debug|x86.ActiveCfg = Debug|Win32
		{D72656CF-6CF2-4302-BF15-4DDCC9028D59}.Debug|x86.Build.0 = Debug|Win32
		{D72656CF-6CF2-4302-BF15-4DDCC9028D59}.Release|x64.ActiveCfg = Release|x64
		{D72656CF-6CF2-4302-BF15-4DDCC9028D59}.Release|x64.Build.0 = Release|x64
		{D72656CF-6CF2-4302-BF15-4DDCC9028D59}.Release|x86.ActiveCfg = Release|Win32
		{D72656CF-6CF2-4302-BF15-4DDCC9028D59}.Release|x86.Build.0 = Release|Win32
	EndGlobalSection
	GlobalSection(SolutionProperties) = preSolution
		HideSolutionNode = FALSE
	EndGlobalSection
	GlobalSection(ExtensibilityGlobals) = postSolution
		SolutionGuid = {C9B083A4-59BD-4532-A97E-57187B7D0068}
	EndGlobalSection
EndGlobal
